
Microsoft Visual Studio Solution File, Format Version 12.00
# Visual Studio Version 16
VisualStudioVersion = 16.0.29609.76
MinimumVisualStudioVersion = 10.0.40219.1
Project("{FAE04EC0-301F-11D3-BF4B-00C04F79EFBC}") = "RPG Battle", "RPG Battle.csproj", "{AA8C3A86-D187-4A50-89BA-EF2FCA5B1F85}"
EndProject
Global
	GlobalSection(SolutionConfigurationPlatforms) = preSolution
		Debug|Any CPU = Debug|Any CPU
		Release|Any CPU = Release|Any CPU
	EndGlobalSection
	GlobalSection(ProjectConfigurationPlatforms) = postSolution
		{AA8C3A86-D187-4A50-89BA-EF2FCA5B1F85}.Debug|Any CPU.ActiveCfg = Debug|Any CPU
		{AA8C3A86-D187-4A50-89BA-EF2FCA5B1F85}.Debug|Any CPU.Build.0 = Debug|Any CPU
		{AA8C3A86-D187-4A50-89BA-EF2FCA5B1F85}.Release|Any CPU.ActiveCfg = Release|Any CPU
		{AA8C3A86-D187-4A50-89BA-EF2FCA5B1F85}.Release|Any CPU.Build.0 = Release|Any CPU
	EndGlobalSection
	GlobalSection(SolutionProperties) = preSolution
		HideSolutionNode = FALSE
	EndGlobalSection
	GlobalSection(ExtensibilityGlobals) = postSolution
		SolutionGuid = {A877B082-4E1A-4DD6-BCB8-6F68F7587F4E}
	EndGlobalSection
EndGlobal
